
Microsoft Visual Studio Solution File, Format Version 12.00
# Visual Studio Version 17
VisualStudioVersion = 17.0.31903.59
MinimumVisualStudioVersion = 10.0.40219.1
Project("{2150E333-8FDC-42A3-9474-1A3956D46DE8}") = "src", "src", "{827E0CD3-B72D-47B6-A68D-7590B98EB39B}"
EndProject
Project("{FAE04EC0-301F-11D3-BF4B-00C04F79EFBC}") = "Storefront.Application", "src\Storefront.Application\Storefront.Application.csproj", "{523C4482-61F3-408A-B9B3-BC7B399CFD83}"
EndProject
Project("{FAE04EC0-301F-11D3-BF4B-00C04F79EFBC}") = "Storefront.Domain", "src\Storefront.Domain\Storefront.Domain.csproj", "{01753A18-6B0D-4D74-B7A2-89921F2E8536}"
EndProject
Project("{FAE04EC0-301F-11D3-BF4B-00C04F79EFBC}") = "Storefront.Infrastructure", "src\Storefront.Infrastructure\Storefront.Infrastructure.csproj", "{23E57DB7-53AB-41C8-ABC4-151D430CBA46}"
EndProject
Project("{FAE04EC0-301F-11D3-BF4B-00C04F79EFBC}") = "Storefront.Web", "src\Storefront.Web\Storefront.Web.csproj", "{078D6697-83D5-4193-AD1B-B26ED9365247}"
EndProject
Project("{2150E333-8FDC-42A3-9474-1A3956D46DE8}") = "tests", "tests", "{0AB3BF05-4346-4AA6-1389-037BE0695223}"
EndProject
Project("{FAE04EC0-301F-11D3-BF4B-00C04F79EFBC}") = "Storefront.Application.Tests", "tests\Storefront.Application.Tests\Storefront.Application.Tests.csproj", "{9C0A851A-5F12-491A-926B-4EEDF718C72B}"
EndProject
Project("{FAE04EC0-301F-11D3-BF4B-00C04F79EFBC}") = "Storefront.ArchitectureTests", "tests\Storefront.ArchitectureTests\Storefront.ArchitectureTests.csproj", "{035AC82E-0ED6-4DF4-B618-B94FBEF1170B}"
EndProject
Project("{FAE04EC0-301F-11D3-BF4B-00C04F79EFBC}") = "Storefront.Domain.Tests", "tests\Storefront.Domain.Tests\Storefront.Domain.Tests.csproj", "{0BCD1FB9-9172-449D-9A09-490F010204F1}"
EndProject
Project("{FAE04EC0-301F-11D3-BF4B-00C04F79EFBC}") = "Storefront.Web.IntegrationTests", "tests\Storefront.Web.IntegrationTests\Storefront.Web.IntegrationTests.csproj", "{90415F37-BA75-4D6C-9A7B-832DF8B829A1}"
EndProject
Global
	GlobalSection(SolutionConfigurationPlatforms) = preSolution
		Debug|Any CPU = Debug|Any CPU
		Debug|x64 = Debug|x64
		Debug|x86 = Debug|x86
		Release|Any CPU = Release|Any CPU
		Release|x64 = Release|x64
		Release|x86 = Release|x86
	EndGlobalSection
	GlobalSection(ProjectConfigurationPlatforms) = postSolution
		{523C4482-61F3-408A-B9B3-BC7B399CFD83}.Debug|Any CPU.ActiveCfg = Debug|Any CPU
		{523C4482-61F3-408A-B9B3-BC7B399CFD83}.Debug|Any CPU.Build.0 = Debug|Any CPU
		{523C4482-61F3-408A-B9B3-BC7B399CFD83}.Debug|x64.ActiveCfg = Debug|Any CPU
		{523C4482-61F3-408A-B9B3-BC7B399CFD83}.Debug|x64.Build.0 = Debug|Any CPU
		{523C4482-61F3-408A-B9B3-BC7B399CFD83}.Debug|x86.ActiveCfg = Debug|Any CPU
		{523C4482-61F3-408A-B9B3-BC7B399CFD83}.Debug|x86.Build.0 = Debug|Any CPU
		{523C4482-61F3-408A-B9B3-BC7B399CFD83}.Release|Any CPU.ActiveCfg = Release|Any CPU
		{523C4482-61F3-408A-B9B3-BC7B399CFD83}.Release|Any CPU.Build.0 = Release|Any CPU
		{523C4482-61F3-408A-B9B3-BC7B399CFD83}.Release|x64.ActiveCfg = Release|Any CPU
		{523C4482-61F3-408A-B9B3-BC7B399CFD83}.Release|x64.Build.0 = Release|Any CPU
		{523C4482-61F3-408A-B9B3-BC7B399CFD83}.Release|x86.ActiveCfg = Release|Any CPU
		{523C4482-61F3-408A-B9B3-BC7B399CFD83}.Release|x86.Build.0 = Release|Any CPU
		{01753A18-6B0D-4D74-B7A2-89921F2E8536}.Debug|Any CPU.ActiveCfg = Debug|Any CPU
		{01753A18-6B0D-4D74-B7A2-89921F2E8536}.Debug|Any CPU.Build.0 = Debug|Any CPU
		{01753A18-6B0D-4D74-B7A2-89921F2E8536}.Debug|x64.ActiveCfg = Debug|Any CPU
		{01753A18-6B0D-4D74-B7A2-89921F2E8536}.Debug|x64.Build.0 = Debug|Any CPU
		{01753A18-6B0D-4D74-B7A2-89921F2E8536}.Debug|x86.ActiveCfg = Debug|Any CPU
		{01753A18-6B0D-4D74-B7A2-89921F2E8536}.Debug|x86.Build.0 = Debug|Any CPU
		{01753A18-6B0D-4D74-B7A2-89921F2E8536}.Release|Any CPU.ActiveCfg = Release|Any CPU
		{01753A18-6B0D-4D74-B7A2-89921F2E8536}.Release|Any CPU.Build.0 = Release|Any CPU
		{01753A18-6B0D-4D74-B7A2-89921F2E8536}.Release|x64.ActiveCfg = Release|Any CPU
		{01753A18-6B0D-4D74-B7A2-89921F2E8536}.Release|x64.Build.0 = Release|Any CPU
		{01753A18-6B0D-4D74-B7A2-89921F2E8536}.Release|x86.ActiveCfg = Release|Any CPU
		{01753A18-6B0D-4D74-B7A2-89921F2E8536}.Release|x86.Build.0 = Release|Any CPU
		{23E57DB7-53AB-41C8-ABC4-151D430CBA46}.Debug|Any CPU.ActiveCfg = Debug|Any CPU
		{23E57DB7-53AB-41C8-ABC4-151D430CBA46}.Debug|Any CPU.Build.0 = Debug|Any CPU
		{23E57DB7-53AB-41C8-ABC4-151D430CBA46}.Debug|x64.ActiveCfg = Debug|Any CPU
		{23E57DB7-53AB-41C8-ABC4-151D430CBA46}.Debug|x64.Build.0 = Debug|Any CPU
		{23E57DB7-53AB-41C8-ABC4-151D430CBA46}.Debug|x86.ActiveCfg = Debug|Any CPU
		{23E57DB7-53AB-41C8-ABC4-151D430CBA46}.Debug|x86.Build.0 = Debug|Any CPU
		{23E57DB7-53AB-41C8-ABC4-151D430CBA46}.Release|Any CPU.ActiveCfg = Release|Any CPU
		{23E57DB7-53AB-41C8-ABC4-151D430CBA46}.Release|Any CPU.Build.0 = Release|Any CPU
		{23E57DB7-53AB-41C8-ABC4-151D430CBA46}.Release|x64.ActiveCfg = Release|Any CPU
		{23E57DB7-53AB-41C8-ABC4-151D430CBA46}.Release|x64.Build.0 = Release|Any CPU
		{23E57DB7-53AB-41C8-ABC4-151D430CBA46}.Release|x86.ActiveCfg = Release|Any CPU
		{23E57DB7-53AB-41C8-ABC4-151D430CBA46}.Release|x86.Build.0 = Release|Any CPU
		{078D6697-83D5-4193-AD1B-B26ED9365247}.Debug|Any CPU.ActiveCfg = Debug|Any CPU
		{078D6697-83D5-4193-AD1B-B26ED9365247}.Debug|Any CPU.Build.0 = Debug|Any CPU
		{078D6697-83D5-4193-AD1B-B26ED9365247}.Debug|x64.ActiveCfg = Debug|Any CPU
		{078D6697-83D5-4193-AD1B-B26ED9365247}.Debug|x64.Build.0 = Debug|Any CPU
		{078D6697-83D5-4193-AD1B-B26ED9365247}.Debug|x86.ActiveCfg = Debug|Any CPU
		{078D6697-83D5-4193-AD1B-B26ED9365247}.Debug|x86.Build.0 = Debug|Any CPU
		{078D6697-83D5-4193-AD1B-B26ED9365247}.Release|Any CPU.ActiveCfg = Release|Any CPU
		{078D6697-83D5-4193-AD1B-B26ED9365247}.Release|Any CPU.Build.0 = Release|Any CPU
		{078D6697-83D5-4193-AD1B-B26ED9365247}.Release|x64.ActiveCfg = Release|Any CPU
		{078D6697-83D5-4193-AD1B-B26ED9365247}.Release|x64.Build.0 = Release|Any CPU
		{078D6697-83D5-4193-AD1B-B26ED9365247}.Release|x86.ActiveCfg = Release|Any CPU
		{078D6697-83D5-4193-AD1B-B26ED9365247}.Release|x86.Build.0 = Release|Any CPU
		{9C0A851A-5F12-491A-926B-4EEDF718C72B}.Debug|Any CPU.ActiveCfg = Debug|Any CPU
		{9C0A851A-5F12-491A-926B-4EEDF718C72B}.Debug|Any CPU.Build.0 = Debug|Any CPU
		{9C0A851A-5F12-491A-926B-4EEDF718C72B}.Debug|x64.ActiveCfg = Debug|Any CPU
		{9C0A851A-5F12-491A-926B-4EEDF718C72B}.Debug|x64.Build.0 = Debug|Any CPU
		{9C0A851A-5F12-491A-926B-4EEDF718C72B}.Debug|x86.ActiveCfg = Debug|Any CPU
		{9C0A851A-5F12-491A-926B-4EEDF718C72B}.Debug|x86.Build.0 = Debug|Any CPU
		{9C0A851A-5F12-491A-926B-4EEDF718C72B}.Release|Any CPU.ActiveCfg = Release|Any CPU
		{9C0A851A-5F12-491A-926B-4EEDF718C72B}.Release|Any CPU.Build.0 = Release|Any CPU
		{9C0A851A-5F12-491A-926B-4EEDF718C72B}.Release|x64.ActiveCfg = Release|Any CPU
		{9C0A851A-5F12-491A-926B-4EEDF718C72B}.Release|x64.Build.0 = Release|Any CPU
		{9C0A851A-5F12-491A-926B-4EEDF718C72B}.Release|x86.ActiveCfg = Release|Any CPU
		{9C0A851A-5F12-491A-926B-4EEDF718C72B}.Release|x86.Build.0 = Release|Any CPU
		{035AC82E-0ED6-4DF4-B618-B94FBEF1170B}.Debug|Any CPU.ActiveCfg = Debug|Any CPU
		{035AC82E-0ED6-4DF4-B618-B94FBEF1170B}.Debug|Any CPU.Build.0 = Debug|Any CPU
		{035AC82E-0ED6-4DF4-B618-B94FBEF1170B}.Debug|x64.ActiveCfg = Debug|Any CPU
		{035AC82E-0ED6-4DF4-B618-B94FBEF1170B}.Debug|x64.Build.0 = Debug|Any CPU
		{035AC82E-0ED6-4DF4-B618-B94FBEF1170B}.Debug|x86.ActiveCfg = Debug|Any CPU
		{035AC82E-0ED6-4DF4-B618-B94FBEF1170B}.Debug|x86.Build.0 = Debug|Any CPU
		{035AC82E-0ED6-4DF4-B618-B94FBEF1170B}.Release|Any CPU.ActiveCfg = Release|Any CPU
		{035AC82E-0ED6-4DF4-B618-B94FBEF1170B}.Release|Any CPU.Build.0 = Release|Any CPU
		{035AC82E-0ED6-4DF4-B618-B94FBEF1170B}.Release|x64.ActiveCfg = Release|Any CPU
		{035AC82E-0ED6-4DF4-B618-B94FBEF1170B}.Release|x64.Build.0 = Release|Any CPU
		{035AC82E-0ED6-4DF4-B618-B94FBEF1170B}.Release|x86.ActiveCfg = Release|Any CPU
		{035AC82E-0ED6-4DF4-B618-B94FBEF1170B}.Release|x86.Build.0 = Release|Any CPU
		{0BCD1FB9-9172-449D-9A09-490F010204F1}.Debug|Any CPU.ActiveCfg = Debug|Any CPU
		{0BCD1FB9-9172-449D-9A09-490F010204F1}.Debug|Any CPU.Build.0 = Debug|Any CPU
		{0BCD1FB9-9172-449D-9A09-490F010204F1}.Debug|x64.ActiveCfg = Debug|Any CPU
		{0BCD1FB9-9172-449D-9A09-490F010204F1}.Debug|x64.Build.0 = Debug|Any CPU
		{0BCD1FB9-9172-449D-9A09-490F010204F1}.Debug|x86.ActiveCfg = Debug|Any CPU
		{0BCD1FB9-9172-449D-9A09-490F010204F1}.Debug|x86.Build.0 = Debug|Any CPU
		{0BCD1FB9-9172-449D-9A09-490F010204F1}.Release|Any CPU.ActiveCfg = Release|Any CPU
		{0BCD1FB9-9172-449D-9A09-490F010204F1}.Release|Any CPU.Build.0 = Release|Any CPU
		{0BCD1FB9-9172-449D-9A09-490F010204F1}.Release|x64.ActiveCfg = Release|Any CPU
		{0BCD1FB9-9172-449D-9A09-490F010204F1}.Release|x64.Build.0 = Release|Any CPU
		{0BCD1FB9-9172-449D-9A09-490F010204F1}.Release|x86.ActiveCfg = Release|Any CPU
		{0BCD1FB9-9172-449D-9A09-490F010204F1}.Release|x86.Build.0 = Release|Any CPU
		{90415F37-BA75-4D6C-9A7B-832DF8B829A1}.Debug|Any CPU.ActiveCfg = Debug|Any CPU
		{90415F37-BA75-4D6C-9A7B-832DF8B829A1}.Debug|Any CPU.Build.0 = Debug|Any CPU
		{90415F37-BA75-4D6C-9A7B-832DF8B829A1}.Debug|x64.ActiveCfg = Debug|Any CPU
		{90415F37-BA75-4D6C-9A7B-832DF8B829A1}.Debug|x64.Build.0 = Debug|Any CPU
		{90415F37-BA75-4D6C-9A7B-832DF8B829A1}.Debug|x86.ActiveCfg = Debug|Any CPU
		{90415F37-BA75-4D6C-9A7B-832DF8B829A1}.Debug|x86.Build.0 = Debug|Any CPU
		{90415F37-BA75-4D6C-9A7B-832DF8B829A1}.Release|Any CPU.ActiveCfg = Release|Any CPU
		{90415F37-BA75-4D6C-9A7B-832DF8B829A1}.Release|Any CPU.Build.0 = Release|Any CPU
		{90415F37-BA75-4D6C-9A7B-832DF8B829A1}.Release|x64.ActiveCfg = Release|Any CPU
		{90415F37-BA75-4D6C-9A7B-832DF8B829A1}.Release|x64.Build.0 = Release|Any CPU
		{90415F37-BA75-4D6C-9A7B-832DF8B829A1}.Release|x86.ActiveCfg = Release|Any CPU
		{90415F37-BA75-4D6C-9A7B-832DF8B829A1}.Release|x86.Build.0 = Release|Any CPU
	EndGlobalSection
	GlobalSection(SolutionProperties) = preSolution
		HideSolutionNode = FALSE
	EndGlobalSection
	GlobalSection(NestedProjects) = preSolution
		{523C4482-61F3-408A-B9B3-BC7B399CFD83} = {827E0CD3-B72D-47B6-A68D-7590B98EB39B}
		{01753A18-6B0D-4D74-B7A2-89921F2E8536} = {827E0CD3-B72D-47B6-A68D-7590B98EB39B}
		{23E57DB7-53AB-41C8-ABC4-151D430CBA46} = {827E0CD3-B72D-47B6-A68D-7590B98EB39B}
		{078D6697-83D5-4193-AD1B-B26ED9365247} = {827E0CD3-B72D-47B6-A68D-7590B98EB39B}
		{9C0A851A-5F12-491A-926B-4EEDF718C72B} = {0AB3BF05-4346-4AA6-1389-037BE0695223}
		{035AC82E-0ED6-4DF4-B618-B94FBEF1170B} = {0AB3BF05-4346-4AA6-1389-037BE0695223}
		{0BCD1FB9-9172-449D-9A09-490F010204F1} = {0AB3BF05-4346-4AA6-1389-037BE0695223}
		{90415F37-BA75-4D6C-9A7B-832DF8B829A1} = {0AB3BF05-4346-4AA6-1389-037BE0695223}
	EndGlobalSection
EndGlobal
